// !$*UTF8*$!
{
	archiveVersion = 1;
	classes = {
	};
	objectVersion = 46;
	objects = {

/* Begin PBXBuildFile section */
		00C400254C4983C414F7947A /* libPods-BehindWallsTests.a in Frameworks */ = {isa = PBXBuildFile; fileRef = 3EB20915AD92C2F62F4FBE4E /* libPods-BehindWallsTests.a */; };
		CE03C3441CE8814D00091DBC /* WeatherManager.m in Sources */ = {isa = PBXBuildFile; fileRef = CE03C3431CE8814D00091DBC /* WeatherManager.m */; };
		CE03C3481CE881F000091DBC /* ThermalProcessingUnit.m in Sources */ = {isa = PBXBuildFile; fileRef = CE03C3471CE881F000091DBC /* ThermalProcessingUnit.m */; };
		CE03C34A1CE8828500091DBC /* crs@2x.png in Resources */ = {isa = PBXBuildFile; fileRef = CE03C3491CE8828500091DBC /* crs@2x.png */; };
		CE03C34D1CE8829A00091DBC /* milk.jpg in Resources */ = {isa = PBXBuildFile; fileRef = CE03C34B1CE8829A00091DBC /* milk.jpg */; };
		CE03C34E1CE8829A00091DBC /* minimal-milk.jpg in Resources */ = {isa = PBXBuildFile; fileRef = CE03C34C1CE8829A00091DBC /* minimal-milk.jpg */; };
		CE03C3501CE882A300091DBC /* splashscreen.png in Resources */ = {isa = PBXBuildFile; fileRef = CE03C34F1CE882A300091DBC /* splashscreen.png */; };
		CE03C3581CE8839B00091DBC /* Estate.m in Sources */ = {isa = PBXBuildFile; fileRef = CE03C3531CE8839B00091DBC /* Estate.m */; };
		CE03C3591CE8839B00091DBC /* Room.m in Sources */ = {isa = PBXBuildFile; fileRef = CE03C3551CE8839B00091DBC /* Room.m */; };
		CE03C35A1CE8839B00091DBC /* Wall.m in Sources */ = {isa = PBXBuildFile; fileRef = CE03C3571CE8839B00091DBC /* Wall.m */; };
		CE03C35D1CE895E200091DBC /* FLIROneSDK.bundle in Resources */ = {isa = PBXBuildFile; fileRef = CE03C35C1CE895E200091DBC /* FLIROneSDK.bundle */; };
		CE03C35F1CE895EC00091DBC /* FLIROneSDK.framework in Frameworks */ = {isa = PBXBuildFile; fileRef = CE03C35E1CE895EC00091DBC /* FLIROneSDK.framework */; };
		CE1154E11D1A724B00EF921F /* BehindWallsTests.m in Sources */ = {isa = PBXBuildFile; fileRef = CE1154E01D1A724B00EF921F /* BehindWallsTests.m */; };
		CE1154F21D1A894F00EF921F /* WeatherJSON-Malformed.json in Resources */ = {isa = PBXBuildFile; fileRef = CE1154EF1D1A894F00EF921F /* WeatherJSON-Malformed.json */; };
		CE1154F31D1A894F00EF921F /* WeatherJSON-Max.json in Resources */ = {isa = PBXBuildFile; fileRef = CE1154F01D1A894F00EF921F /* WeatherJSON-Max.json */; };
		CE1154F41D1A894F00EF921F /* WeatherJSON-Neg.json in Resources */ = {isa = PBXBuildFile; fileRef = CE1154F11D1A894F00EF921F /* WeatherJSON-Neg.json */; };
		CE2551691CD0B9CD001A0401 /* RoomViewController.m in Sources */ = {isa = PBXBuildFile; fileRef = CE2551681CD0B9CD001A0401 /* RoomViewController.m */; };
		CE56556A1CF98AE700E21C98 /* BasicAuthenticationViewController.m in Sources */ = {isa = PBXBuildFile; fileRef = CE5655691CF98AE700E21C98 /* BasicAuthenticationViewController.m */; };
		CE6A07971C4828B70023C1F3 /* main.m in Sources */ = {isa = PBXBuildFile; fileRef = CE6A07961C4828B70023C1F3 /* main.m */; };
		CE6A079A1C4828B70023C1F3 /* AppDelegate.m in Sources */ = {isa = PBXBuildFile; fileRef = CE6A07991C4828B70023C1F3 /* AppDelegate.m */; };
		CE6A079D1C4828B70023C1F3 /* FirstViewController.m in Sources */ = {isa = PBXBuildFile; fileRef = CE6A079C1C4828B70023C1F3 /* FirstViewController.m */; };
		CE6A07A01C4828B70023C1F3 /* Main.storyboard in Resources */ = {isa = PBXBuildFile; fileRef = CE6A079E1C4828B70023C1F3 /* Main.storyboard */; };
		CE6A07A21C4828B70023C1F3 /* Assets.xcassets in Resources */ = {isa = PBXBuildFile; fileRef = CE6A07A11C4828B70023C1F3 /* Assets.xcassets */; };
		CE6A07A51C4828B70023C1F3 /* LaunchScreen.storyboard in Resources */ = {isa = PBXBuildFile; fileRef = CE6A07A31C4828B70023C1F3 /* LaunchScreen.storyboard */; };
		CE6A07CD1C482BB70023C1F3 /* libstdc++.tbd in Frameworks */ = {isa = PBXBuildFile; fileRef = CE6A07CC1C482BB70023C1F3 /* libstdc++.tbd */; };
		CE6A07CF1C482BBF0023C1F3 /* Accelerate.framework in Frameworks */ = {isa = PBXBuildFile; fileRef = CE6A07CE1C482BBF0023C1F3 /* Accelerate.framework */; };
		CE6A07D81C4838EB0023C1F3 /* MilkAlertViewController.m in Sources */ = {isa = PBXBuildFile; fileRef = CE6A07D71C4838EB0023C1F3 /* MilkAlertViewController.m */; };
		CE6A07E21C48D3290023C1F3 /* TabBarController.m in Sources */ = {isa = PBXBuildFile; fileRef = CE6A07E11C48D3290023C1F3 /* TabBarController.m */; };
		CE8861541D12CE6300C77853 /* AltimeterWrapper.m in Sources */ = {isa = PBXBuildFile; fileRef = CE8861531D12CE6300C77853 /* AltimeterWrapper.m */; };
		CE8861581D1423CD00C77853 /* MapViewController.m in Sources */ = {isa = PBXBuildFile; fileRef = CE8861571D1423CD00C77853 /* MapViewController.m */; };
		CE8DDE631CCE865B00F4CEEA /* ProfileViewController.m in Sources */ = {isa = PBXBuildFile; fileRef = CE8DDE621CCE865B00F4CEEA /* ProfileViewController.m */; };
		CE8DDE651CCF4F1900F4CEEA /* CoreLocation.framework in Frameworks */ = {isa = PBXBuildFile; fileRef = CE8DDE641CCF4F1900F4CEEA /* CoreLocation.framework */; };
		CE9D014F1CEE2C2F00BD4D43 /* Authentication.storyboard in Resources */ = {isa = PBXBuildFile; fileRef = CE9D014E1CEE2C2F00BD4D43 /* Authentication.storyboard */; };
		CE9D01521CEE2F1E00BD4D43 /* FacebookAuthViewController.m in Sources */ = {isa = PBXBuildFile; fileRef = CE9D01511CEE2F1E00BD4D43 /* FacebookAuthViewController.m */; };
		CE9D01561CEE328200BD4D43 /* AuthenticationOptionsViewController.m in Sources */ = {isa = PBXBuildFile; fileRef = CE9D01551CEE328200BD4D43 /* AuthenticationOptionsViewController.m */; };
		CE9D01591CEE32B800BD4D43 /* FingerprintAuthenticationViewController.m in Sources */ = {isa = PBXBuildFile; fileRef = CE9D01581CEE32B800BD4D43 /* FingerprintAuthenticationViewController.m */; };
		CE9D015D1CEE341D00BD4D43 /* FBSDKCoreKit.framework in Frameworks */ = {isa = PBXBuildFile; fileRef = CE9D015A1CEE341D00BD4D43 /* FBSDKCoreKit.framework */; };
		CE9D015E1CEE341D00BD4D43 /* FBSDKLoginKit.framework in Frameworks */ = {isa = PBXBuildFile; fileRef = CE9D015B1CEE341D00BD4D43 /* FBSDKLoginKit.framework */; };
		CE9D015F1CEE341D00BD4D43 /* FBSDKShareKit.framework in Frameworks */ = {isa = PBXBuildFile; fileRef = CE9D015C1CEE341D00BD4D43 /* FBSDKShareKit.framework */; };
		CE9D01611CEE3CED00BD4D43 /* GoogleService-Info.plist in Resources */ = {isa = PBXBuildFile; fileRef = CE9D01601CEE3CED00BD4D43 /* GoogleService-Info.plist */; };
		CE9D01671CEEEAB200BD4D43 /* GoogleSignInViewController.m in Sources */ = {isa = PBXBuildFile; fileRef = CE9D01661CEEEAB200BD4D43 /* GoogleSignInViewController.m */; };
		CEA270B61D11AA960010FB9B /* ColorDetector.m in Sources */ = {isa = PBXBuildFile; fileRef = CEA270B51D11AA960010FB9B /* ColorDetector.m */; };
		CEA270B81D11AEB60010FB9B /* CoreImage.framework in Frameworks */ = {isa = PBXBuildFile; fileRef = CEA270B71D11AEB60010FB9B /* CoreImage.framework */; };
		CEA270BA1D11CD100010FB9B /* Logo.png in Resources */ = {isa = PBXBuildFile; fileRef = CEA270B91D11CD100010FB9B /* Logo.png */; };
		CEA995921CE1BC1D00232CCA /* FormsPageViewController.m in Sources */ = {isa = PBXBuildFile; fileRef = CEA995911CE1BC1D00232CCA /* FormsPageViewController.m */; };
		CEA995981CE1BC6800232CCA /* FormsDataSource.m in Sources */ = {isa = PBXBuildFile; fileRef = CEA995971CE1BC6800232CCA /* FormsDataSource.m */; };
		EA1221371C9592280066148B /* FilterTestViewController.m in Sources */ = {isa = PBXBuildFile; fileRef = EA1221361C9592280066148B /* FilterTestViewController.m */; };
		EA1B67671D1FCF560092C63E /* camera@2x.png in Resources */ = {isa = PBXBuildFile; fileRef = EA1B67661D1FCF560092C63E /* camera@2x.png */; };
		EA7CEB901D1BD11400B16A3C /* UIViewController+Alerts.m in Sources */ = {isa = PBXBuildFile; fileRef = EA7CEB8F1D1BD11400B16A3C /* UIViewController+Alerts.m */; };
		EA7CEB991D1C176300B16A3C /* BehindWallsUITests.m in Sources */ = {isa = PBXBuildFile; fileRef = EA7CEB981D1C176300B16A3C /* BehindWallsUITests.m */; };
		EA9738AC1C956C1500A67730 /* SobelFilter.m in Sources */ = {isa = PBXBuildFile; fileRef = EA9738AB1C956C1500A67730 /* SobelFilter.m */; };
		EAFD8F861C799BAF00EE263A /* MediaCaptureViewController.m in Sources */ = {isa = PBXBuildFile; fileRef = EAFD8F851C799BAF00EE263A /* MediaCaptureViewController.m */; };
		EAFD8F881C79BD4A00EE263A /* Photos.framework in Frameworks */ = {isa = PBXBuildFile; fileRef = EAFD8F871C79BD4A00EE263A /* Photos.framework */; };
		EE2AC0238D285C2D0780F39D /* libPods-Behind Walls.a in Frameworks */ = {isa = PBXBuildFile; fileRef = 6C73C1907D7C828FEEEFC7BF /* libPods-Behind Walls.a */; };
/* End PBXBuildFile section */

/* Begin PBXContainerItemProxy section */
		CE1154E31D1A724B00EF921F /* PBXContainerItemProxy */ = {
			isa = PBXContainerItemProxy;
			containerPortal = CE6A078A1C4828B70023C1F3 /* Project object */;
			proxyType = 1;
			remoteGlobalIDString = CE6A07911C4828B70023C1F3;
			remoteInfo = "Behind Walls";
		};
		EA7CEB9B1D1C176300B16A3C /* PBXContainerItemProxy */ = {
			isa = PBXContainerItemProxy;
			containerPortal = CE6A078A1C4828B70023C1F3 /* Project object */;
			proxyType = 1;
			remoteGlobalIDString = CE6A07911C4828B70023C1F3;
			remoteInfo = "Behind Walls";
		};
/* End PBXContainerItemProxy section */

/* Begin PBXFileReference section */
		153842896DF011BF56AAFDE3 /* Pods-BehindWallsTests.release.xcconfig */ = {isa = PBXFileReference; includeInIndex = 1; lastKnownFileType = text.xcconfig; name = "Pods-BehindWallsTests.release.xcconfig"; path = "Pods/Target Support Files/Pods-BehindWallsTests/Pods-BehindWallsTests.release.xcconfig"; sourceTree = "<group>"; };
		1967408634C89D4B29E3B0B5 /* Pods-BehindWallsTests.debug.xcconfig */ = {isa = PBXFileReference; includeInIndex = 1; lastKnownFileType = text.xcconfig; name = "Pods-BehindWallsTests.debug.xcconfig"; path = "Pods/Target Support Files/Pods-BehindWallsTests/Pods-BehindWallsTests.debug.xcconfig"; sourceTree = "<group>"; };
		3EB20915AD92C2F62F4FBE4E /* libPods-BehindWallsTests.a */ = {isa = PBXFileReference; explicitFileType = archive.ar; includeInIndex = 0; path = "libPods-BehindWallsTests.a"; sourceTree = BUILT_PRODUCTS_DIR; };
		609DC822C1BB25B9ACA1DC2B /* Pods-Behind Walls.release.xcconfig */ = {isa = PBXFileReference; includeInIndex = 1; lastKnownFileType = text.xcconfig; name = "Pods-Behind Walls.release.xcconfig"; path = "Pods/Target Support Files/Pods-Behind Walls/Pods-Behind Walls.release.xcconfig"; sourceTree = "<group>"; };
		6C73C1907D7C828FEEEFC7BF /* libPods-Behind Walls.a */ = {isa = PBXFileReference; explicitFileType = archive.ar; includeInIndex = 0; path = "libPods-Behind Walls.a"; sourceTree = BUILT_PRODUCTS_DIR; };
		CE03C3421CE8814D00091DBC /* WeatherManager.h */ = {isa = PBXFileReference; fileEncoding = 4; lastKnownFileType = sourcecode.c.h; name = WeatherManager.h; path = Weather/WeatherManager.h; sourceTree = "<group>"; };
		CE03C3431CE8814D00091DBC /* WeatherManager.m */ = {isa = PBXFileReference; fileEncoding = 4; lastKnownFileType = sourcecode.c.objc; name = WeatherManager.m; path = Weather/WeatherManager.m; sourceTree = "<group>"; };
		CE03C3451CE881A500091DBC /* Constants.h */ = {isa = PBXFileReference; lastKnownFileType = sourcecode.c.h; name = Constants.h; path = Constants/Constants.h; sourceTree = "<group>"; };
		CE03C3461CE881F000091DBC /* ThermalProcessingUnit.h */ = {isa = PBXFileReference; fileEncoding = 4; lastKnownFileType = sourcecode.c.h; name = ThermalProcessingUnit.h; path = ThermalProcessing/ThermalProcessingUnit.h; sourceTree = "<group>"; };
		CE03C3471CE881F000091DBC /* ThermalProcessingUnit.m */ = {isa = PBXFileReference; fileEncoding = 4; lastKnownFileType = sourcecode.c.objc; name = ThermalProcessingUnit.m; path = ThermalProcessing/ThermalProcessingUnit.m; sourceTree = "<group>"; };
		CE03C3491CE8828500091DBC /* crs@2x.png */ = {isa = PBXFileReference; lastKnownFileType = image.png; name = "crs@2x.png"; path = "UIResources/Icons/crs@2x.png"; sourceTree = "<group>"; };
		CE03C34B1CE8829A00091DBC /* milk.jpg */ = {isa = PBXFileReference; lastKnownFileType = image.jpeg; name = milk.jpg; path = UIResources/milk.jpg; sourceTree = "<group>"; };
		CE03C34C1CE8829A00091DBC /* minimal-milk.jpg */ = {isa = PBXFileReference; lastKnownFileType = image.jpeg; name = "minimal-milk.jpg"; path = "UIResources/minimal-milk.jpg"; sourceTree = "<group>"; };
		CE03C34F1CE882A300091DBC /* splashscreen.png */ = {isa = PBXFileReference; lastKnownFileType = image.png; name = splashscreen.png; path = UIResources/Splashscreen/splashscreen.png; sourceTree = "<group>"; };
		CE03C3521CE8839B00091DBC /* Estate.h */ = {isa = PBXFileReference; fileEncoding = 4; lastKnownFileType = sourcecode.c.h; name = Estate.h; path = "Model/Assessment Objects/Estate.h"; sourceTree = "<group>"; };
		CE03C3531CE8839B00091DBC /* Estate.m */ = {isa = PBXFileReference; fileEncoding = 4; lastKnownFileType = sourcecode.c.objc; name = Estate.m; path = "Model/Assessment Objects/Estate.m"; sourceTree = "<group>"; };
		CE03C3541CE8839B00091DBC /* Room.h */ = {isa = PBXFileReference; fileEncoding = 4; lastKnownFileType = sourcecode.c.h; name = Room.h; path = "Model/Assessment Objects/Room.h"; sourceTree = "<group>"; };
		CE03C3551CE8839B00091DBC /* Room.m */ = {isa = PBXFileReference; fileEncoding = 4; lastKnownFileType = sourcecode.c.objc; name = Room.m; path = "Model/Assessment Objects/Room.m"; sourceTree = "<group>"; };
		CE03C3561CE8839B00091DBC /* Wall.h */ = {isa = PBXFileReference; fileEncoding = 4; lastKnownFileType = sourcecode.c.h; name = Wall.h; path = "Model/Assessment Objects/Wall.h"; sourceTree = "<group>"; };
		CE03C3571CE8839B00091DBC /* Wall.m */ = {isa = PBXFileReference; fileEncoding = 4; lastKnownFileType = sourcecode.c.objc; name = Wall.m; path = "Model/Assessment Objects/Wall.m"; sourceTree = "<group>"; };
		CE03C35C1CE895E200091DBC /* FLIROneSDK.bundle */ = {isa = PBXFileReference; lastKnownFileType = "wrapper.plug-in"; name = FLIROneSDK.bundle; path = ExternalFrameworks/FLIROneSDK.bundle; sourceTree = "<group>"; };
		CE03C35E1CE895EC00091DBC /* FLIROneSDK.framework */ = {isa = PBXFileReference; lastKnownFileType = wrapper.framework; name = FLIROneSDK.framework; path = ExternalFrameworks/FLIROneSDK.framework; sourceTree = "<group>"; };
		CE1154D91D1A68AE00EF921F /* PrefixHeader.pch */ = {isa = PBXFileReference; fileEncoding = 4; lastKnownFileType = sourcecode.c.h; path = PrefixHeader.pch; sourceTree = "<group>"; };
		CE1154DE1D1A724A00EF921F /* BehindWallsTests.xctest */ = {isa = PBXFileReference; explicitFileType = wrapper.cfbundle; includeInIndex = 0; path = BehindWallsTests.xctest; sourceTree = BUILT_PRODUCTS_DIR; };
		CE1154E01D1A724B00EF921F /* BehindWallsTests.m */ = {isa = PBXFileReference; lastKnownFileType = sourcecode.c.objc; path = BehindWallsTests.m; sourceTree = "<group>"; };
		CE1154E21D1A724B00EF921F /* Info.plist */ = {isa = PBXFileReference; lastKnownFileType = text.plist.xml; path = Info.plist; sourceTree = "<group>"; };
		CE1154EF1D1A894F00EF921F /* WeatherJSON-Malformed.json */ = {isa = PBXFileReference; fileEncoding = 4; lastKnownFileType = text.json; path = "WeatherJSON-Malformed.json"; sourceTree = "<group>"; };
		CE1154F01D1A894F00EF921F /* WeatherJSON-Max.json */ = {isa = PBXFileReference; fileEncoding = 4; lastKnownFileType = text.json; path = "WeatherJSON-Max.json"; sourceTree = "<group>"; };
		CE1154F11D1A894F00EF921F /* WeatherJSON-Neg.json */ = {isa = PBXFileReference; fileEncoding = 4; lastKnownFileType = text.json; path = "WeatherJSON-Neg.json"; sourceTree = "<group>"; };
		CE2551671CD0B9CD001A0401 /* RoomViewController.h */ = {isa = PBXFileReference; fileEncoding = 4; lastKnownFileType = sourcecode.c.h; path = RoomViewController.h; sourceTree = "<group>"; };
		CE2551681CD0B9CD001A0401 /* RoomViewController.m */ = {isa = PBXFileReference; fileEncoding = 4; lastKnownFileType = sourcecode.c.objc; path = RoomViewController.m; sourceTree = "<group>"; };
		CE5655681CF98AE700E21C98 /* BasicAuthenticationViewController.h */ = {isa = PBXFileReference; fileEncoding = 4; lastKnownFileType = sourcecode.c.h; name = BasicAuthenticationViewController.h; path = Authentication/BasicAuthenticationViewController.h; sourceTree = "<group>"; };
		CE5655691CF98AE700E21C98 /* BasicAuthenticationViewController.m */ = {isa = PBXFileReference; fileEncoding = 4; lastKnownFileType = sourcecode.c.objc; name = BasicAuthenticationViewController.m; path = Authentication/BasicAuthenticationViewController.m; sourceTree = "<group>"; };
		CE6A07921C4828B70023C1F3 /* Behind Walls.app */ = {isa = PBXFileReference; explicitFileType = wrapper.application; includeInIndex = 0; path = "Behind Walls.app"; sourceTree = BUILT_PRODUCTS_DIR; };
		CE6A07961C4828B70023C1F3 /* main.m */ = {isa = PBXFileReference; lastKnownFileType = sourcecode.c.objc; path = main.m; sourceTree = "<group>"; };
		CE6A07981C4828B70023C1F3 /* AppDelegate.h */ = {isa = PBXFileReference; lastKnownFileType = sourcecode.c.h; path = AppDelegate.h; sourceTree = "<group>"; };
		CE6A07991C4828B70023C1F3 /* AppDelegate.m */ = {isa = PBXFileReference; lastKnownFileType = sourcecode.c.objc; path = AppDelegate.m; sourceTree = "<group>"; };
		CE6A079B1C4828B70023C1F3 /* FirstViewController.h */ = {isa = PBXFileReference; lastKnownFileType = sourcecode.c.h; path = FirstViewController.h; sourceTree = "<group>"; };
		CE6A079C1C4828B70023C1F3 /* FirstViewController.m */ = {isa = PBXFileReference; lastKnownFileType = sourcecode.c.objc; path = FirstViewController.m; sourceTree = "<group>"; };
		CE6A079F1C4828B70023C1F3 /* Base */ = {isa = PBXFileReference; lastKnownFileType = file.storyboard; name = Base; path = Base.lproj/Main.storyboard; sourceTree = "<group>"; };
		CE6A07A11C4828B70023C1F3 /* Assets.xcassets */ = {isa = PBXFileReference; lastKnownFileType = folder.assetcatalog; path = Assets.xcassets; sourceTree = "<group>"; };
		CE6A07A41C4828B70023C1F3 /* Base */ = {isa = PBXFileReference; lastKnownFileType = file.storyboard; name = Base; path = Base.lproj/LaunchScreen.storyboard; sourceTree = "<group>"; };
		CE6A07A61C4828B70023C1F3 /* Info.plist */ = {isa = PBXFileReference; lastKnownFileType = text.plist.xml; path = Info.plist; sourceTree = "<group>"; };
		CE6A07CC1C482BB70023C1F3 /* libstdc++.tbd */ = {isa = PBXFileReference; lastKnownFileType = "sourcecode.text-based-dylib-definition"; name = "libstdc++.tbd"; path = "usr/lib/libstdc++.tbd"; sourceTree = SDKROOT; };
		CE6A07CE1C482BBF0023C1F3 /* Accelerate.framework */ = {isa = PBXFileReference; lastKnownFileType = wrapper.framework; name = Accelerate.framework; path = System/Library/Frameworks/Accelerate.framework; sourceTree = SDKROOT; };
		CE6A07D61C4838EB0023C1F3 /* MilkAlertViewController.h */ = {isa = PBXFileReference; fileEncoding = 4; lastKnownFileType = sourcecode.c.h; path = MilkAlertViewController.h; sourceTree = "<group>"; };
		CE6A07D71C4838EB0023C1F3 /* MilkAlertViewController.m */ = {isa = PBXFileReference; fileEncoding = 4; lastKnownFileType = sourcecode.c.objc; path = MilkAlertViewController.m; sourceTree = "<group>"; };
		CE6A07E01C48D3290023C1F3 /* TabBarController.h */ = {isa = PBXFileReference; fileEncoding = 4; lastKnownFileType = sourcecode.c.h; path = TabBarController.h; sourceTree = "<group>"; };
		CE6A07E11C48D3290023C1F3 /* TabBarController.m */ = {isa = PBXFileReference; fileEncoding = 4; lastKnownFileType = sourcecode.c.objc; path = TabBarController.m; sourceTree = "<group>"; };
		CE8861521D12CE6300C77853 /* AltimeterWrapper.h */ = {isa = PBXFileReference; fileEncoding = 4; lastKnownFileType = sourcecode.c.h; name = AltimeterWrapper.h; path = Altimeter/AltimeterWrapper.h; sourceTree = "<group>"; };
		CE8861531D12CE6300C77853 /* AltimeterWrapper.m */ = {isa = PBXFileReference; fileEncoding = 4; lastKnownFileType = sourcecode.c.objc; name = AltimeterWrapper.m; path = Altimeter/AltimeterWrapper.m; sourceTree = "<group>"; };
		CE8861551D14203F00C77853 /* MapDisplayableProtocol.h */ = {isa = PBXFileReference; fileEncoding = 4; lastKnownFileType = sourcecode.c.h; name = MapDisplayableProtocol.h; path = "Model/Assessment Objects/MapDisplayableProtocol.h"; sourceTree = "<group>"; };
		CE8861561D1423CD00C77853 /* MapViewController.h */ = {isa = PBXFileReference; fileEncoding = 4; lastKnownFileType = sourcecode.c.h; name = MapViewController.h; path = ViewControllers/MapViewController.h; sourceTree = "<group>"; };
		CE8861571D1423CD00C77853 /* MapViewController.m */ = {isa = PBXFileReference; fileEncoding = 4; lastKnownFileType = sourcecode.c.objc; name = MapViewController.m; path = ViewControllers/MapViewController.m; sourceTree = "<group>"; };
		CE8DDE611CCE865B00F4CEEA /* ProfileViewController.h */ = {isa = PBXFileReference; fileEncoding = 4; lastKnownFileType = sourcecode.c.h; path = ProfileViewController.h; sourceTree = "<group>"; };
		CE8DDE621CCE865B00F4CEEA /* ProfileViewController.m */ = {isa = PBXFileReference; fileEncoding = 4; lastKnownFileType = sourcecode.c.objc; path = ProfileViewController.m; sourceTree = "<group>"; };
		CE8DDE641CCF4F1900F4CEEA /* CoreLocation.framework */ = {isa = PBXFileReference; lastKnownFileType = wrapper.framework; name = CoreLocation.framework; path = System/Library/Frameworks/CoreLocation.framework; sourceTree = SDKROOT; };
		CE9D014E1CEE2C2F00BD4D43 /* Authentication.storyboard */ = {isa = PBXFileReference; fileEncoding = 4; lastKnownFileType = file.storyboard; name = Authentication.storyboard; path = Authentication/Authentication.storyboard; sourceTree = "<group>"; };
		CE9D01501CEE2F1E00BD4D43 /* FacebookAuthViewController.h */ = {isa = PBXFileReference; fileEncoding = 4; lastKnownFileType = sourcecode.c.h; name = FacebookAuthViewController.h; path = Authentication/FacebookAuthViewController.h; sourceTree = "<group>"; };
		CE9D01511CEE2F1E00BD4D43 /* FacebookAuthViewController.m */ = {isa = PBXFileReference; fileEncoding = 4; lastKnownFileType = sourcecode.c.objc; name = FacebookAuthViewController.m; path = Authentication/FacebookAuthViewController.m; sourceTree = "<group>"; };
		CE9D01531CEE2F6A00BD4D43 /* AuthProtocol.h */ = {isa = PBXFileReference; fileEncoding = 4; lastKnownFileType = sourcecode.c.h; name = AuthProtocol.h; path = Authentication/AuthProtocol.h; sourceTree = "<group>"; };
		CE9D01541CEE328200BD4D43 /* AuthenticationOptionsViewController.h */ = {isa = PBXFileReference; fileEncoding = 4; lastKnownFileType = sourcecode.c.h; name = AuthenticationOptionsViewController.h; path = Authentication/AuthenticationOptionsViewController.h; sourceTree = "<group>"; };
		CE9D01551CEE328200BD4D43 /* AuthenticationOptionsViewController.m */ = {isa = PBXFileReference; fileEncoding = 4; lastKnownFileType = sourcecode.c.objc; name = AuthenticationOptionsViewController.m; path = Authentication/AuthenticationOptionsViewController.m; sourceTree = "<group>"; };
		CE9D01571CEE32B800BD4D43 /* FingerprintAuthenticationViewController.h */ = {isa = PBXFileReference; fileEncoding = 4; lastKnownFileType = sourcecode.c.h; name = FingerprintAuthenticationViewController.h; path = Authentication/FingerprintAuthenticationViewController.h; sourceTree = "<group>"; };
		CE9D01581CEE32B800BD4D43 /* FingerprintAuthenticationViewController.m */ = {isa = PBXFileReference; fileEncoding = 4; lastKnownFileType = sourcecode.c.objc; name = FingerprintAuthenticationViewController.m; path = Authentication/FingerprintAuthenticationViewController.m; sourceTree = "<group>"; };
		CE9D015A1CEE341D00BD4D43 /* FBSDKCoreKit.framework */ = {isa = PBXFileReference; lastKnownFileType = wrapper.framework; name = FBSDKCoreKit.framework; path = ExternalFrameworks/FBSDKCoreKit.framework; sourceTree = "<group>"; };
		CE9D015B1CEE341D00BD4D43 /* FBSDKLoginKit.framework */ = {isa = PBXFileReference; lastKnownFileType = wrapper.framework; name = FBSDKLoginKit.framework; path = ExternalFrameworks/FBSDKLoginKit.framework; sourceTree = "<group>"; };
		CE9D015C1CEE341D00BD4D43 /* FBSDKShareKit.framework */ = {isa = PBXFileReference; lastKnownFileType = wrapper.framework; name = FBSDKShareKit.framework; path = ExternalFrameworks/FBSDKShareKit.framework; sourceTree = "<group>"; };
		CE9D01601CEE3CED00BD4D43 /* GoogleService-Info.plist */ = {isa = PBXFileReference; fileEncoding = 4; lastKnownFileType = text.plist.xml; path = "GoogleService-Info.plist"; sourceTree = "<group>"; };
		CE9D01651CEEEAB200BD4D43 /* GoogleSignInViewController.h */ = {isa = PBXFileReference; fileEncoding = 4; lastKnownFileType = sourcecode.c.h; name = GoogleSignInViewController.h; path = Authentication/GoogleSignInViewController.h; sourceTree = "<group>"; };
		CE9D01661CEEEAB200BD4D43 /* GoogleSignInViewController.m */ = {isa = PBXFileReference; fileEncoding = 4; lastKnownFileType = sourcecode.c.objc; name = GoogleSignInViewController.m; path = Authentication/GoogleSignInViewController.m; sourceTree = "<group>"; };
		CEA270B41D11AA960010FB9B /* ColorDetector.h */ = {isa = PBXFileReference; fileEncoding = 4; lastKnownFileType = sourcecode.c.h; name = ColorDetector.h; path = ImageProcessing/ColorDetection/ColorDetector.h; sourceTree = "<group>"; };
		CEA270B51D11AA960010FB9B /* ColorDetector.m */ = {isa = PBXFileReference; fileEncoding = 4; lastKnownFileType = sourcecode.c.objc; name = ColorDetector.m; path = ImageProcessing/ColorDetection/ColorDetector.m; sourceTree = "<group>"; };
		CEA270B71D11AEB60010FB9B /* CoreImage.framework */ = {isa = PBXFileReference; lastKnownFileType = wrapper.framework; name = CoreImage.framework; path = System/Library/Frameworks/CoreImage.framework; sourceTree = SDKROOT; };
		CEA270B91D11CD100010FB9B /* Logo.png */ = {isa = PBXFileReference; lastKnownFileType = image.png; path = Logo.png; sourceTree = "<group>"; };
		CEA995901CE1BC1D00232CCA /* FormsPageViewController.h */ = {isa = PBXFileReference; fileEncoding = 4; lastKnownFileType = sourcecode.c.h; path = FormsPageViewController.h; sourceTree = "<group>"; };
		CEA995911CE1BC1D00232CCA /* FormsPageViewController.m */ = {isa = PBXFileReference; fileEncoding = 4; lastKnownFileType = sourcecode.c.objc; path = FormsPageViewController.m; sourceTree = "<group>"; };
		CEA995961CE1BC6800232CCA /* FormsDataSource.h */ = {isa = PBXFileReference; fileEncoding = 4; lastKnownFileType = sourcecode.c.h; path = FormsDataSource.h; sourceTree = "<group>"; };
		CEA995971CE1BC6800232CCA /* FormsDataSource.m */ = {isa = PBXFileReference; fileEncoding = 4; lastKnownFileType = sourcecode.c.objc; path = FormsDataSource.m; sourceTree = "<group>"; };
		EA1221351C9592280066148B /* FilterTestViewController.h */ = {isa = PBXFileReference; fileEncoding = 4; lastKnownFileType = sourcecode.c.h; path = FilterTestViewController.h; sourceTree = "<group>"; };
		EA1221361C9592280066148B /* FilterTestViewController.m */ = {isa = PBXFileReference; fileEncoding = 4; lastKnownFileType = sourcecode.c.objc; path = FilterTestViewController.m; sourceTree = "<group>"; };
		EA1B67661D1FCF560092C63E /* camera@2x.png */ = {isa = PBXFileReference; lastKnownFileType = image.png; path = "camera@2x.png"; sourceTree = "<group>"; };
		EA7CEB8E1D1BD11400B16A3C /* UIViewController+Alerts.h */ = {isa = PBXFileReference; fileEncoding = 4; lastKnownFileType = sourcecode.c.h; name = "UIViewController+Alerts.h"; path = "Categories/UIViewController+Alerts.h"; sourceTree = "<group>"; };
		EA7CEB8F1D1BD11400B16A3C /* UIViewController+Alerts.m */ = {isa = PBXFileReference; fileEncoding = 4; lastKnownFileType = sourcecode.c.objc; name = "UIViewController+Alerts.m"; path = "Categories/UIViewController+Alerts.m"; sourceTree = "<group>"; };
		EA7CEB961D1C176300B16A3C /* BehindWallsUITests.xctest */ = {isa = PBXFileReference; explicitFileType = wrapper.cfbundle; includeInIndex = 0; path = BehindWallsUITests.xctest; sourceTree = BUILT_PRODUCTS_DIR; };
		EA7CEB981D1C176300B16A3C /* BehindWallsUITests.m */ = {isa = PBXFileReference; lastKnownFileType = sourcecode.c.objc; path = BehindWallsUITests.m; sourceTree = "<group>"; };
		EA7CEB9A1D1C176300B16A3C /* Info.plist */ = {isa = PBXFileReference; lastKnownFileType = text.plist.xml; path = Info.plist; sourceTree = "<group>"; };
		EA9738AA1C956C1500A67730 /* SobelFilter.h */ = {isa = PBXFileReference; fileEncoding = 4; lastKnownFileType = sourcecode.c.h; name = SobelFilter.h; path = ImageProcessing/Filters/SobelFilter.h; sourceTree = "<group>"; };
		EA9738AB1C956C1500A67730 /* SobelFilter.m */ = {isa = PBXFileReference; fileEncoding = 4; lastKnownFileType = sourcecode.c.objc; name = SobelFilter.m; path = ImageProcessing/Filters/SobelFilter.m; sourceTree = "<group>"; };
		EAFD8F841C799BAF00EE263A /* MediaCaptureViewController.h */ = {isa = PBXFileReference; fileEncoding = 4; lastKnownFileType = sourcecode.c.h; path = MediaCaptureViewController.h; sourceTree = "<group>"; };
		EAFD8F851C799BAF00EE263A /* MediaCaptureViewController.m */ = {isa = PBXFileReference; fileEncoding = 4; lastKnownFileType = sourcecode.c.objc; path = MediaCaptureViewController.m; sourceTree = "<group>"; };
		EAFD8F871C79BD4A00EE263A /* Photos.framework */ = {isa = PBXFileReference; lastKnownFileType = wrapper.framework; name = Photos.framework; path = System/Library/Frameworks/Photos.framework; sourceTree = SDKROOT; };
		F44440EC8DCA7B76375343C8 /* Pods-Behind Walls.debug.xcconfig */ = {isa = PBXFileReference; includeInIndex = 1; lastKnownFileType = text.xcconfig; name = "Pods-Behind Walls.debug.xcconfig"; path = "Pods/Target Support Files/Pods-Behind Walls/Pods-Behind Walls.debug.xcconfig"; sourceTree = "<group>"; };
/* End PBXFileReference section */

/* Begin PBXFrameworksBuildPhase section */
		CE1154DB1D1A724A00EF921F /* Frameworks */ = {
			isa = PBXFrameworksBuildPhase;
			buildActionMask = 2147483647;
			files = (
				00C400254C4983C414F7947A /* libPods-BehindWallsTests.a in Frameworks */,
			);
			runOnlyForDeploymentPostprocessing = 0;
		};
		CE6A078F1C4828B70023C1F3 /* Frameworks */ = {
			isa = PBXFrameworksBuildPhase;
			buildActionMask = 2147483647;
			files = (
				CEA270B81D11AEB60010FB9B /* CoreImage.framework in Frameworks */,
				CE8DDE651CCF4F1900F4CEEA /* CoreLocation.framework in Frameworks */,
				CE9D015E1CEE341D00BD4D43 /* FBSDKLoginKit.framework in Frameworks */,
				EAFD8F881C79BD4A00EE263A /* Photos.framework in Frameworks */,
				CE6A07CF1C482BBF0023C1F3 /* Accelerate.framework in Frameworks */,
				CE9D015F1CEE341D00BD4D43 /* FBSDKShareKit.framework in Frameworks */,
				CE03C35F1CE895EC00091DBC /* FLIROneSDK.framework in Frameworks */,
				CE9D015D1CEE341D00BD4D43 /* FBSDKCoreKit.framework in Frameworks */,
				CE6A07CD1C482BB70023C1F3 /* libstdc++.tbd in Frameworks */,
				EE2AC0238D285C2D0780F39D /* libPods-Behind Walls.a in Frameworks */,
			);
			runOnlyForDeploymentPostprocessing = 0;
		};
		EA7CEB931D1C176300B16A3C /* Frameworks */ = {
			isa = PBXFrameworksBuildPhase;
			buildActionMask = 2147483647;
			files = (
			);
			runOnlyForDeploymentPostprocessing = 0;
		};
/* End PBXFrameworksBuildPhase section */

/* Begin PBXGroup section */
		7BDCC17CFDEF9F8786A1DBE4 /* Pods */ = {
			isa = PBXGroup;
			children = (
				F44440EC8DCA7B76375343C8 /* Pods-Behind Walls.debug.xcconfig */,
				609DC822C1BB25B9ACA1DC2B /* Pods-Behind Walls.release.xcconfig */,
				1967408634C89D4B29E3B0B5 /* Pods-BehindWallsTests.debug.xcconfig */,
				153842896DF011BF56AAFDE3 /* Pods-BehindWallsTests.release.xcconfig */,
			);
			name = Pods;
			sourceTree = "<group>";
		};
		CE03C3511CE882E000091DBC /* Assesment Objects */ = {
			isa = PBXGroup;
			children = (
				CE03C3521CE8839B00091DBC /* Estate.h */,
				CE03C3531CE8839B00091DBC /* Estate.m */,
				CE03C3541CE8839B00091DBC /* Room.h */,
				CE03C3551CE8839B00091DBC /* Room.m */,
				CE03C3561CE8839B00091DBC /* Wall.h */,
				CE03C3571CE8839B00091DBC /* Wall.m */,
				CE8861551D14203F00C77853 /* MapDisplayableProtocol.h */,
			);
			name = "Assesment Objects";
			sourceTree = "<group>";
		};
		CE03C35B1CE895D600091DBC /* ExternalFrameworks */ = {
			isa = PBXGroup;
			children = (
				CE9D015A1CEE341D00BD4D43 /* FBSDKCoreKit.framework */,
				CE9D015B1CEE341D00BD4D43 /* FBSDKLoginKit.framework */,
				CE9D015C1CEE341D00BD4D43 /* FBSDKShareKit.framework */,
				CE03C35E1CE895EC00091DBC /* FLIROneSDK.framework */,
				CE03C35C1CE895E200091DBC /* FLIROneSDK.bundle */,
			);
			name = ExternalFrameworks;
			sourceTree = "<group>";
		};
		CE1154D81D1A677000EF921F /* Measuring Units */ = {
			isa = PBXGroup;
			children = (
			);
			name = "Measuring Units";
			sourceTree = "<group>";
		};
		CE1154DF1D1A724B00EF921F /* BehindWallsTests */ = {
			isa = PBXGroup;
			children = (
				CE1154EF1D1A894F00EF921F /* WeatherJSON-Malformed.json */,
				CE1154F01D1A894F00EF921F /* WeatherJSON-Max.json */,
				CE1154F11D1A894F00EF921F /* WeatherJSON-Neg.json */,
				CE1154E01D1A724B00EF921F /* BehindWallsTests.m */,
				CE1154E21D1A724B00EF921F /* Info.plist */,
			);
			path = BehindWallsTests;
			sourceTree = "<group>";
		};
		CE243BEC1CDF4AD60082FF8C /* Splashscreen */ = {
			isa = PBXGroup;
			children = (
				CE03C34F1CE882A300091DBC /* splashscreen.png */,
			);
			name = Splashscreen;
			sourceTree = "<group>";
		};
		CE25516A1CD0E4B1001A0401 /* Constants */ = {
			isa = PBXGroup;
			children = (
				CE03C3451CE881A500091DBC /* Constants.h */,
			);
			name = Constants;
			sourceTree = "<group>";
		};
		CE25516D1CD0F25C001A0401 /* Model */ = {
			isa = PBXGroup;
			children = (
				CE03C3511CE882E000091DBC /* Assesment Objects */,
				CE8DDE661CCFAE4200F4CEEA /* User */,
			);
			name = Model;
			sourceTree = "<group>";
		};
		CE2551771CD10B25001A0401 /* Weather */ = {
			isa = PBXGroup;
			children = (
				CE03C3421CE8814D00091DBC /* WeatherManager.h */,
				CE03C3431CE8814D00091DBC /* WeatherManager.m */,
			);
			name = Weather;
			sourceTree = "<group>";
		};
		CE5655641CF9855800E21C98 /* Color detection */ = {
			isa = PBXGroup;
			children = (
				CEA270B41D11AA960010FB9B /* ColorDetector.h */,
				CEA270B51D11AA960010FB9B /* ColorDetector.m */,
			);
			name = "Color detection";
			sourceTree = "<group>";
		};
		CE6A07891C4828B70023C1F3 = {
			isa = PBXGroup;
			children = (
				CE8DDE641CCF4F1900F4CEEA /* CoreLocation.framework */,
				EAFD8F871C79BD4A00EE263A /* Photos.framework */,
				CE6A07CE1C482BBF0023C1F3 /* Accelerate.framework */,
				CE6A07CC1C482BB70023C1F3 /* libstdc++.tbd */,
				CE6A07941C4828B70023C1F3 /* Safe */,
				CE1154DF1D1A724B00EF921F /* BehindWallsTests */,
				EA7CEB971D1C176300B16A3C /* BehindWallsUITests */,
				CE6A07931C4828B70023C1F3 /* Products */,
				DB0926D0DC6578B6F8D10BCD /* Frameworks */,
				7BDCC17CFDEF9F8786A1DBE4 /* Pods */,
			);
			sourceTree = "<group>";
		};
		CE6A07931C4828B70023C1F3 /* Products */ = {
			isa = PBXGroup;
			children = (
				CE6A07921C4828B70023C1F3 /* Behind Walls.app */,
				CE1154DE1D1A724A00EF921F /* BehindWallsTests.xctest */,
				EA7CEB961D1C176300B16A3C /* BehindWallsUITests.xctest */,
			);
			name = Products;
			sourceTree = "<group>";
		};
		CE6A07941C4828B70023C1F3 /* Safe */ = {
			isa = PBXGroup;
			children = (
				EA7CEB8D1D1BD01C00B16A3C /* Categories */,
				CE1154D81D1A677000EF921F /* Measuring Units */,
				CE8861511D12CE3E00C77853 /* Altimeter */,
				CE03C35B1CE895D600091DBC /* ExternalFrameworks */,
				CE2551771CD10B25001A0401 /* Weather */,
				CE25516D1CD0F25C001A0401 /* Model */,
				CE25516A1CD0E4B1001A0401 /* Constants */,
				EA9738A91C956AA500A67730 /* ImageProcessing */,
				CE6A07DF1C4853280023C1F3 /* Alarms */,
				CE6A07DE1C484FAB0023C1F3 /* ThermalProcessing */,
				CE6A07D51C48385D0023C1F3 /* ViewControllers */,
				CE6A07D01C4831940023C1F3 /* UIResources */,
				CE6A07981C4828B70023C1F3 /* AppDelegate.h */,
				CE6A07991C4828B70023C1F3 /* AppDelegate.m */,
				CE6A079E1C4828B70023C1F3 /* Main.storyboard */,
				CE6A07A11C4828B70023C1F3 /* Assets.xcassets */,
				CE6A07A31C4828B70023C1F3 /* LaunchScreen.storyboard */,
				CE9D01601CEE3CED00BD4D43 /* GoogleService-Info.plist */,
				CE6A07A61C4828B70023C1F3 /* Info.plist */,
				CE6A07951C4828B70023C1F3 /* Supporting Files */,
			);
			path = Safe;
			sourceTree = "<group>";
		};
		CE6A07951C4828B70023C1F3 /* Supporting Files */ = {
			isa = PBXGroup;
			children = (
				CE6A07961C4828B70023C1F3 /* main.m */,
				CE1154D91D1A68AE00EF921F /* PrefixHeader.pch */,
			);
			name = "Supporting Files";
			sourceTree = "<group>";
		};
		CE6A07D01C4831940023C1F3 /* UIResources */ = {
			isa = PBXGroup;
			children = (
				EA1B67661D1FCF560092C63E /* camera@2x.png */,
				CEA270B91D11CD100010FB9B /* Logo.png */,
				CE03C34B1CE8829A00091DBC /* milk.jpg */,
				CE03C34C1CE8829A00091DBC /* minimal-milk.jpg */,
				CE03C3491CE8828500091DBC /* crs@2x.png */,
				CE243BEC1CDF4AD60082FF8C /* Splashscreen */,
			);
			name = UIResources;
			sourceTree = "<group>";
		};
		CE6A07D51C48385D0023C1F3 /* ViewControllers */ = {
			isa = PBXGroup;
			children = (
				CEC1DB7D1CEB5F6C004AB4B5 /* Authentication */,
				CEA9958F1CE1BBDA00232CCA /* Forms */,
				CE6A079B1C4828B70023C1F3 /* FirstViewController.h */,
				CE6A079C1C4828B70023C1F3 /* FirstViewController.m */,
				CE6A07D61C4838EB0023C1F3 /* MilkAlertViewController.h */,
				CE6A07D71C4838EB0023C1F3 /* MilkAlertViewController.m */,
				CE6A07E01C48D3290023C1F3 /* TabBarController.h */,
				CE6A07E11C48D3290023C1F3 /* TabBarController.m */,
				EAFD8F841C799BAF00EE263A /* MediaCaptureViewController.h */,
				EAFD8F851C799BAF00EE263A /* MediaCaptureViewController.m */,
				EA1221351C9592280066148B /* FilterTestViewController.h */,
				EA1221361C9592280066148B /* FilterTestViewController.m */,
				CE8DDE611CCE865B00F4CEEA /* ProfileViewController.h */,
				CE8DDE621CCE865B00F4CEEA /* ProfileViewController.m */,
				CE2551671CD0B9CD001A0401 /* RoomViewController.h */,
				CE2551681CD0B9CD001A0401 /* RoomViewController.m */,
				CE8861561D1423CD00C77853 /* MapViewController.h */,
				CE8861571D1423CD00C77853 /* MapViewController.m */,
			);
			name = ViewControllers;
			sourceTree = "<group>";
		};
		CE6A07DE1C484FAB0023C1F3 /* ThermalProcessing */ = {
			isa = PBXGroup;
			children = (
				CE03C3461CE881F000091DBC /* ThermalProcessingUnit.h */,
				CE03C3471CE881F000091DBC /* ThermalProcessingUnit.m */,
			);
			name = ThermalProcessing;
			sourceTree = "<group>";
		};
		CE6A07DF1C4853280023C1F3 /* Alarms */ = {
			isa = PBXGroup;
			children = (
			);
			name = Alarms;
			sourceTree = "<group>";
		};
		CE8861511D12CE3E00C77853 /* Altimeter */ = {
			isa = PBXGroup;
			children = (
				CE8861521D12CE6300C77853 /* AltimeterWrapper.h */,
				CE8861531D12CE6300C77853 /* AltimeterWrapper.m */,
			);
			name = Altimeter;
			sourceTree = "<group>";
		};
		CE8DDE661CCFAE4200F4CEEA /* User */ = {
			isa = PBXGroup;
			children = (
			);
			name = User;
			sourceTree = "<group>";
		};
		CEA9958F1CE1BBDA00232CCA /* Forms */ = {
			isa = PBXGroup;
			children = (
				CEA995901CE1BC1D00232CCA /* FormsPageViewController.h */,
				CEA995911CE1BC1D00232CCA /* FormsPageViewController.m */,
				CEA995961CE1BC6800232CCA /* FormsDataSource.h */,
				CEA995971CE1BC6800232CCA /* FormsDataSource.m */,
			);
			name = Forms;
			sourceTree = "<group>";
		};
		CEC1DB7D1CEB5F6C004AB4B5 /* Authentication */ = {
			isa = PBXGroup;
			children = (
				CE5655681CF98AE700E21C98 /* BasicAuthenticationViewController.h */,
				CE5655691CF98AE700E21C98 /* BasicAuthenticationViewController.m */,
				CE9D01571CEE32B800BD4D43 /* FingerprintAuthenticationViewController.h */,
				CE9D01581CEE32B800BD4D43 /* FingerprintAuthenticationViewController.m */,
				CE9D01541CEE328200BD4D43 /* AuthenticationOptionsViewController.h */,
				CE9D01551CEE328200BD4D43 /* AuthenticationOptionsViewController.m */,
				CE9D014E1CEE2C2F00BD4D43 /* Authentication.storyboard */,
				CE9D01501CEE2F1E00BD4D43 /* FacebookAuthViewController.h */,
				CE9D01511CEE2F1E00BD4D43 /* FacebookAuthViewController.m */,
				CE9D01531CEE2F6A00BD4D43 /* AuthProtocol.h */,
				CE9D01651CEEEAB200BD4D43 /* GoogleSignInViewController.h */,
				CE9D01661CEEEAB200BD4D43 /* GoogleSignInViewController.m */,
			);
			name = Authentication;
			sourceTree = "<group>";
		};
		DB0926D0DC6578B6F8D10BCD /* Frameworks */ = {
			isa = PBXGroup;
			children = (
				CEA270B71D11AEB60010FB9B /* CoreImage.framework */,
				6C73C1907D7C828FEEEFC7BF /* libPods-Behind Walls.a */,
				3EB20915AD92C2F62F4FBE4E /* libPods-BehindWallsTests.a */,
			);
			name = Frameworks;
			sourceTree = "<group>";
		};
		EA12213A1C9595530066148B /* Color filters */ = {
			isa = PBXGroup;
			children = (
			);
			name = "Color filters";
			sourceTree = "<group>";
		};
		EA7CEB8D1D1BD01C00B16A3C /* Categories */ = {
			isa = PBXGroup;
			children = (
				EA7CEB8E1D1BD11400B16A3C /* UIViewController+Alerts.h */,
				EA7CEB8F1D1BD11400B16A3C /* UIViewController+Alerts.m */,
			);
			name = Categories;
			sourceTree = "<group>";
		};
		EA7CEB971D1C176300B16A3C /* BehindWallsUITests */ = {
			isa = PBXGroup;
			children = (
				EA7CEB981D1C176300B16A3C /* BehindWallsUITests.m */,
				EA7CEB9A1D1C176300B16A3C /* Info.plist */,
			);
			path = BehindWallsUITests;
			sourceTree = "<group>";
		};
		EA9738A91C956AA500A67730 /* ImageProcessing */ = {
			isa = PBXGroup;
			children = (
				CE5655641CF9855800E21C98 /* Color detection */,
				EA12213A1C9595530066148B /* Color filters */,
				EA9738AD1C956C1900A67730 /* Ede detection filters */,
			);
			name = ImageProcessing;
			sourceTree = "<group>";
		};
		EA9738AD1C956C1900A67730 /* Ede detection filters */ = {
			isa = PBXGroup;
			children = (
				EA9738AA1C956C1500A67730 /* SobelFilter.h */,
				EA9738AB1C956C1500A67730 /* SobelFilter.m */,
			);
			name = "Ede detection filters";
			sourceTree = "<group>";
		};
/* End PBXGroup section */

/* Begin PBXNativeTarget section */
		CE1154DD1D1A724A00EF921F /* BehindWallsTests */ = {
			isa = PBXNativeTarget;
			buildConfigurationList = CE1154E51D1A724B00EF921F /* Build configuration list for PBXNativeTarget "BehindWallsTests" */;
			buildPhases = (
				3F255B3029C6C27D277B88AA /* [CP] Check Pods Manifest.lock */,
				CE1154DA1D1A724A00EF921F /* Sources */,
				CE1154DB1D1A724A00EF921F /* Frameworks */,
				CE1154DC1D1A724A00EF921F /* Resources */,
				C08AD717C01CD106950E742A /* [CP] Embed Pods Frameworks */,
				C017527407A23847656DB93F /* [CP] Copy Pods Resources */,
			);
			buildRules = (
			);
			dependencies = (
				CE1154E41D1A724B00EF921F /* PBXTargetDependency */,
			);
			name = BehindWallsTests;
			productName = BehindWallsTests;
			productReference = CE1154DE1D1A724A00EF921F /* BehindWallsTests.xctest */;
			productType = "com.apple.product-type.bundle.unit-test";
		};
		CE6A07911C4828B70023C1F3 /* Behind Walls */ = {
			isa = PBXNativeTarget;
			buildConfigurationList = CE6A07BF1C4828B80023C1F3 /* Build configuration list for PBXNativeTarget "Behind Walls" */;
			buildPhases = (
				960D8BFBD7804F3D12AE6794 /* [CP] Check Pods Manifest.lock */,
				CE6A078E1C4828B70023C1F3 /* Sources */,
				CE6A078F1C4828B70023C1F3 /* Frameworks */,
				CE6A07901C4828B70023C1F3 /* Resources */,
				586CEEE9C76A4B2D1DF233BB /* [CP] Embed Pods Frameworks */,
				5F1D44EAC7AB70504151456F /* [CP] Copy Pods Resources */,
			);
			buildRules = (
			);
			dependencies = (
			);
			name = "Behind Walls";
			productName = Safe;
			productReference = CE6A07921C4828B70023C1F3 /* Behind Walls.app */;
			productType = "com.apple.product-type.application";
		};
		EA7CEB951D1C176300B16A3C /* BehindWallsUITests */ = {
			isa = PBXNativeTarget;
			buildConfigurationList = EA7CEB9D1D1C176300B16A3C /* Build configuration list for PBXNativeTarget "BehindWallsUITests" */;
			buildPhases = (
				EA7CEB921D1C176300B16A3C /* Sources */,
				EA7CEB931D1C176300B16A3C /* Frameworks */,
				EA7CEB941D1C176300B16A3C /* Resources */,
			);
			buildRules = (
			);
			dependencies = (
				EA7CEB9C1D1C176300B16A3C /* PBXTargetDependency */,
			);
			name = BehindWallsUITests;
			productName = BehindWallsUITests;
			productReference = EA7CEB961D1C176300B16A3C /* BehindWallsUITests.xctest */;
			productType = "com.apple.product-type.bundle.ui-testing";
		};
/* End PBXNativeTarget section */

/* Begin PBXProject section */
		CE6A078A1C4828B70023C1F3 /* Project object */ = {
			isa = PBXProject;
			attributes = {
				LastUpgradeCheck = 0730;
				ORGANIZATIONNAME = "Lucian Todorovici";
				TargetAttributes = {
					CE1154DD1D1A724A00EF921F = {
						CreatedOnToolsVersion = 7.3.1;
						TestTargetID = CE6A07911C4828B70023C1F3;
					};
					CE6A07911C4828B70023C1F3 = {
						CreatedOnToolsVersion = 7.2;
						DevelopmentTeam = 49K64B22Z3;
					};
					EA7CEB951D1C176300B16A3C = {
						CreatedOnToolsVersion = 7.3;
						TestTargetID = CE6A07911C4828B70023C1F3;
					};
				};
			};
			buildConfigurationList = CE6A078D1C4828B70023C1F3 /* Build configuration list for PBXProject "BehindWalls" */;
			compatibilityVersion = "Xcode 3.2";
			developmentRegion = English;
			hasScannedForEncodings = 0;
			knownRegions = (
				en,
				Base,
			);
			mainGroup = CE6A07891C4828B70023C1F3;
			productRefGroup = CE6A07931C4828B70023C1F3 /* Products */;
			projectDirPath = "";
			projectRoot = "";
			targets = (
				CE6A07911C4828B70023C1F3 /* Behind Walls */,
				CE1154DD1D1A724A00EF921F /* BehindWallsTests */,
				EA7CEB951D1C176300B16A3C /* BehindWallsUITests */,
			);
		};
/* End PBXProject section */

/* Begin PBXResourcesBuildPhase section */
		CE1154DC1D1A724A00EF921F /* Resources */ = {
			isa = PBXResourcesBuildPhase;
			buildActionMask = 2147483647;
			files = (
				CE1154F21D1A894F00EF921F /* WeatherJSON-Malformed.json in Resources */,
				CE1154F31D1A894F00EF921F /* WeatherJSON-Max.json in Resources */,
				CE1154F41D1A894F00EF921F /* WeatherJSON-Neg.json in Resources */,
			);
			runOnlyForDeploymentPostprocessing = 0;
		};
		CE6A07901C4828B70023C1F3 /* Resources */ = {
			isa = PBXResourcesBuildPhase;
			buildActionMask = 2147483647;
			files = (
				CEA270BA1D11CD100010FB9B /* Logo.png in Resources */,
				CE03C3501CE882A300091DBC /* splashscreen.png in Resources */,
				CE6A07A51C4828B70023C1F3 /* LaunchScreen.storyboard in Resources */,
				CE9D014F1CEE2C2F00BD4D43 /* Authentication.storyboard in Resources */,
				CE03C35D1CE895E200091DBC /* FLIROneSDK.bundle in Resources */,
				CE03C34E1CE8829A00091DBC /* minimal-milk.jpg in Resources */,
				CE6A07A21C4828B70023C1F3 /* Assets.xcassets in Resources */,
				CE6A07A01C4828B70023C1F3 /* Main.storyboard in Resources */,
				CE9D01611CEE3CED00BD4D43 /* GoogleService-Info.plist in Resources */,
				CE03C34D1CE8829A00091DBC /* milk.jpg in Resources */,
				CE03C34A1CE8828500091DBC /* crs@2x.png in Resources */,
				EA1B67671D1FCF560092C63E /* camera@2x.png in Resources */,
			);
			runOnlyForDeploymentPostprocessing = 0;
		};
		EA7CEB941D1C176300B16A3C /* Resources */ = {
			isa = PBXResourcesBuildPhase;
			buildActionMask = 2147483647;
			files = (
			);
			runOnlyForDeploymentPostprocessing = 0;
		};
/* End PBXResourcesBuildPhase section */

/* Begin PBXShellScriptBuildPhase section */
		3F255B3029C6C27D277B88AA /* [CP] Check Pods Manifest.lock */ = {
			isa = PBXShellScriptBuildPhase;
			buildActionMask = 2147483647;
			files = (
			);
			inputPaths = (
			);
			name = "[CP] Check Pods Manifest.lock";
			outputPaths = (
			);
			runOnlyForDeploymentPostprocessing = 0;
			shellPath = /bin/sh;
			shellScript = "diff \"${PODS_ROOT}/../Podfile.lock\" \"${PODS_ROOT}/Manifest.lock\" > /dev/null\nif [[ $? != 0 ]] ; then\n    cat << EOM\nerror: The sandbox is not in sync with the Podfile.lock. Run 'pod install' or update your CocoaPods installation.\nEOM\n    exit 1\nfi\n";
			showEnvVarsInLog = 0;
		};
		586CEEE9C76A4B2D1DF233BB /* [CP] Embed Pods Frameworks */ = {
			isa = PBXShellScriptBuildPhase;
			buildActionMask = 2147483647;
			files = (
			);
			inputPaths = (
			);
			name = "[CP] Embed Pods Frameworks";
			outputPaths = (
			);
			runOnlyForDeploymentPostprocessing = 0;
			shellPath = /bin/sh;
			shellScript = "\"${SRCROOT}/Pods/Target Support Files/Pods-Behind Walls/Pods-Behind Walls-frameworks.sh\"\n";
			showEnvVarsInLog = 0;
		};
		5F1D44EAC7AB70504151456F /* [CP] Copy Pods Resources */ = {
			isa = PBXShellScriptBuildPhase;
			buildActionMask = 2147483647;
			files = (
			);
			inputPaths = (
			);
			name = "[CP] Copy Pods Resources";
			outputPaths = (
			);
			runOnlyForDeploymentPostprocessing = 0;
			shellPath = /bin/sh;
			shellScript = "\"${SRCROOT}/Pods/Target Support Files/Pods-Behind Walls/Pods-Behind Walls-resources.sh\"\n";
			showEnvVarsInLog = 0;
		};
		960D8BFBD7804F3D12AE6794 /* [CP] Check Pods Manifest.lock */ = {
			isa = PBXShellScriptBuildPhase;
			buildActionMask = 2147483647;
			files = (
			);
			inputPaths = (
			);
			name = "[CP] Check Pods Manifest.lock";
			outputPaths = (
			);
			runOnlyForDeploymentPostprocessing = 0;
			shellPath = /bin/sh;
			shellScript = "diff \"${PODS_ROOT}/../Podfile.lock\" \"${PODS_ROOT}/Manifest.lock\" > /dev/null\nif [[ $? != 0 ]] ; then\n    cat << EOM\nerror: The sandbox is not in sync with the Podfile.lock. Run 'pod install' or update your CocoaPods installation.\nEOM\n    exit 1\nfi\n";
			showEnvVarsInLog = 0;
		};
		C017527407A23847656DB93F /* [CP] Copy Pods Resources */ = {
			isa = PBXShellScriptBuildPhase;
			buildActionMask = 2147483647;
			files = (
			);
			inputPaths = (
			);
			name = "[CP] Copy Pods Resources";
			outputPaths = (
			);
			runOnlyForDeploymentPostprocessing = 0;
			shellPath = /bin/sh;
			shellScript = "\"${SRCROOT}/Pods/Target Support Files/Pods-BehindWallsTests/Pods-BehindWallsTests-resources.sh\"\n";
			showEnvVarsInLog = 0;
		};
		C08AD717C01CD106950E742A /* [CP] Embed Pods Frameworks */ = {
			isa = PBXShellScriptBuildPhase;
			buildActionMask = 2147483647;
			files = (
			);
			inputPaths = (
			);
			name = "[CP] Embed Pods Frameworks";
			outputPaths = (
			);
			runOnlyForDeploymentPostprocessing = 0;
			shellPath = /bin/sh;
			shellScript = "\"${SRCROOT}/Pods/Target Support Files/Pods-BehindWallsTests/Pods-BehindWallsTests-frameworks.sh\"\n";
			showEnvVarsInLog = 0;
		};
/* End PBXShellScriptBuildPhase section */

/* Begin PBXSourcesBuildPhase section */
		CE1154DA1D1A724A00EF921F /* Sources */ = {
			isa = PBXSourcesBuildPhase;
			buildActionMask = 2147483647;
			files = (
				CE1154E11D1A724B00EF921F /* BehindWallsTests.m in Sources */,
			);
			runOnlyForDeploymentPostprocessing = 0;
		};
		CE6A078E1C4828B70023C1F3 /* Sources */ = {
			isa = PBXSourcesBuildPhase;
			buildActionMask = 2147483647;
			files = (
				CE6A07D81C4838EB0023C1F3 /* MilkAlertViewController.m in Sources */,
				CE6A079D1C4828B70023C1F3 /* FirstViewController.m in Sources */,
				EAFD8F861C799BAF00EE263A /* MediaCaptureViewController.m in Sources */,
				CE9D01671CEEEAB200BD4D43 /* GoogleSignInViewController.m in Sources */,
				EA9738AC1C956C1500A67730 /* SobelFilter.m in Sources */,
				CE9D01561CEE328200BD4D43 /* AuthenticationOptionsViewController.m in Sources */,
				CEA995921CE1BC1D00232CCA /* FormsPageViewController.m in Sources */,
				CEA995981CE1BC6800232CCA /* FormsDataSource.m in Sources */,
				CE6A079A1C4828B70023C1F3 /* AppDelegate.m in Sources */,
				CE6A07E21C48D3290023C1F3 /* TabBarController.m in Sources */,
				CE03C3581CE8839B00091DBC /* Estate.m in Sources */,
				CE56556A1CF98AE700E21C98 /* BasicAuthenticationViewController.m in Sources */,
				CE2551691CD0B9CD001A0401 /* RoomViewController.m in Sources */,
				CE03C35A1CE8839B00091DBC /* Wall.m in Sources */,
				EA1221371C9592280066148B /* FilterTestViewController.m in Sources */,
				CE8DDE631CCE865B00F4CEEA /* ProfileViewController.m in Sources */,
				CE03C3481CE881F000091DBC /* ThermalProcessingUnit.m in Sources */,
				CE03C3441CE8814D00091DBC /* WeatherManager.m in Sources */,
				CE03C3591CE8839B00091DBC /* Room.m in Sources */,
				CE9D01521CEE2F1E00BD4D43 /* FacebookAuthViewController.m in Sources */,
				CE6A07971C4828B70023C1F3 /* main.m in Sources */,
				EA7CEB901D1BD11400B16A3C /* UIViewController+Alerts.m in Sources */,
				CE8861541D12CE6300C77853 /* AltimeterWrapper.m in Sources */,
				CE8861581D1423CD00C77853 /* MapViewController.m in Sources */,
				CEA270B61D11AA960010FB9B /* ColorDetector.m in Sources */,
				CE9D01591CEE32B800BD4D43 /* FingerprintAuthenticationViewController.m in Sources */,
			);
			runOnlyForDeploymentPostprocessing = 0;
		};
		EA7CEB921D1C176300B16A3C /* Sources */ = {
			isa = PBXSourcesBuildPhase;
			buildActionMask = 2147483647;
			files = (
				EA7CEB991D1C176300B16A3C /* BehindWallsUITests.m in Sources */,
			);
			runOnlyForDeploymentPostprocessing = 0;
		};
/* End PBXSourcesBuildPhase section */

/* Begin PBXTargetDependency section */
		CE1154E41D1A724B00EF921F /* PBXTargetDependency */ = {
			isa = PBXTargetDependency;
			target = CE6A07911C4828B70023C1F3 /* Behind Walls */;
			targetProxy = CE1154E31D1A724B00EF921F /* PBXContainerItemProxy */;
		};
		EA7CEB9C1D1C176300B16A3C /* PBXTargetDependency */ = {
			isa = PBXTargetDependency;
			target = CE6A07911C4828B70023C1F3 /* Behind Walls */;
			targetProxy = EA7CEB9B1D1C176300B16A3C /* PBXContainerItemProxy */;
		};
/* End PBXTargetDependency section */

/* Begin PBXVariantGroup section */
		CE6A079E1C4828B70023C1F3 /* Main.storyboard */ = {
			isa = PBXVariantGroup;
			children = (
				CE6A079F1C4828B70023C1F3 /* Base */,
			);
			name = Main.storyboard;
			sourceTree = "<group>";
		};
		CE6A07A31C4828B70023C1F3 /* LaunchScreen.storyboard */ = {
			isa = PBXVariantGroup;
			children = (
				CE6A07A41C4828B70023C1F3 /* Base */,
			);
			name = LaunchScreen.storyboard;
			sourceTree = "<group>";
		};
/* End PBXVariantGroup section */

/* Begin XCBuildConfiguration section */
		CE1154E61D1A724B00EF921F /* Debug */ = {
			isa = XCBuildConfiguration;
			baseConfigurationReference = 1967408634C89D4B29E3B0B5 /* Pods-BehindWallsTests.debug.xcconfig */;
			buildSettings = {
				BUNDLE_LOADER = "$(TEST_HOST)";
				CLANG_ANALYZER_NONNULL = YES;
				INFOPLIST_FILE = BehindWallsTests/Info.plist;
				IPHONEOS_DEPLOYMENT_TARGET = 9.3;
				LD_RUNPATH_SEARCH_PATHS = "$(inherited) @executable_path/Frameworks @loader_path/Frameworks";
				ONLY_ACTIVE_ARCH = NO;
				PRODUCT_BUNDLE_IDENTIFIER = com.too.BehindWallsTests;
				PRODUCT_NAME = "$(TARGET_NAME)";
				TEST_HOST = "$(BUILT_PRODUCTS_DIR)/Behind Walls.app/Behind Walls";
			};
			name = Debug;
		};
		CE1154E71D1A724B00EF921F /* Release */ = {
			isa = XCBuildConfiguration;
			baseConfigurationReference = 153842896DF011BF56AAFDE3 /* Pods-BehindWallsTests.release.xcconfig */;
			buildSettings = {
				BUNDLE_LOADER = "$(TEST_HOST)";
				CLANG_ANALYZER_NONNULL = YES;
				INFOPLIST_FILE = BehindWallsTests/Info.plist;
				IPHONEOS_DEPLOYMENT_TARGET = 9.3;
				LD_RUNPATH_SEARCH_PATHS = "$(inherited) @executable_path/Frameworks @loader_path/Frameworks";
				ONLY_ACTIVE_ARCH = NO;
				PRODUCT_BUNDLE_IDENTIFIER = com.too.BehindWallsTests;
				PRODUCT_NAME = "$(TARGET_NAME)";
				TEST_HOST = "$(BUILT_PRODUCTS_DIR)/Behind Walls.app/Behind Walls";
			};
			name = Release;
		};
		CE6A07BD1C4828B70023C1F3 /* Debug */ = {
			isa = XCBuildConfiguration;
			buildSettings = {
				ALWAYS_SEARCH_USER_PATHS = NO;
				CLANG_CXX_LANGUAGE_STANDARD = "gnu++0x";
				CLANG_CXX_LIBRARY = "libc++";
				CLANG_ENABLE_MODULES = YES;
				CLANG_ENABLE_OBJC_ARC = YES;
				CLANG_WARN_BOOL_CONVERSION = YES;
				CLANG_WARN_CONSTANT_CONVERSION = YES;
				CLANG_WARN_DIRECT_OBJC_ISA_USAGE = YES_ERROR;
				CLANG_WARN_EMPTY_BODY = YES;
				CLANG_WARN_ENUM_CONVERSION = YES;
				CLANG_WARN_INT_CONVERSION = YES;
				CLANG_WARN_OBJC_ROOT_CLASS = YES_ERROR;
				CLANG_WARN_UNREACHABLE_CODE = YES;
				CLANG_WARN__DUPLICATE_METHOD_MATCH = YES;
				"CODE_SIGN_IDENTITY[sdk=iphoneos*]" = "iPhone Developer";
				COPY_PHASE_STRIP = NO;
				DEBUG_INFORMATION_FORMAT = dwarf;
				ENABLE_STRICT_OBJC_MSGSEND = YES;
				ENABLE_TESTABILITY = YES;
				GCC_C_LANGUAGE_STANDARD = gnu99;
				GCC_DYNAMIC_NO_PIC = NO;
				GCC_NO_COMMON_BLOCKS = YES;
				GCC_OPTIMIZATION_LEVEL = 0;
				GCC_PREPROCESSOR_DEFINITIONS = (
					"DEBUG=1",
					"$(inherited)",
				);
				GCC_WARN_64_TO_32_BIT_CONVERSION = YES;
				GCC_WARN_ABOUT_RETURN_TYPE = YES_ERROR;
				GCC_WARN_UNDECLARED_SELECTOR = YES;
				GCC_WARN_UNINITIALIZED_AUTOS = YES_AGGRESSIVE;
				GCC_WARN_UNUSED_FUNCTION = YES;
				GCC_WARN_UNUSED_VARIABLE = YES;
				IPHONEOS_DEPLOYMENT_TARGET = 9.2;
				MTL_ENABLE_DEBUG_INFO = YES;
				ONLY_ACTIVE_ARCH = NO;
				SDKROOT = iphoneos;
			};
			name = Debug;
		};
		CE6A07BE1C4828B70023C1F3 /* Release */ = {
			isa = XCBuildConfiguration;
			buildSettings = {
				ALWAYS_SEARCH_USER_PATHS = NO;
				CLANG_CXX_LANGUAGE_STANDARD = "gnu++0x";
				CLANG_CXX_LIBRARY = "libc++";
				CLANG_ENABLE_MODULES = YES;
				CLANG_ENABLE_OBJC_ARC = YES;
				CLANG_WARN_BOOL_CONVERSION = YES;
				CLANG_WARN_CONSTANT_CONVERSION = YES;
				CLANG_WARN_DIRECT_OBJC_ISA_USAGE = YES_ERROR;
				CLANG_WARN_EMPTY_BODY = YES;
				CLANG_WARN_ENUM_CONVERSION = YES;
				CLANG_WARN_INT_CONVERSION = YES;
				CLANG_WARN_OBJC_ROOT_CLASS = YES_ERROR;
				CLANG_WARN_UNREACHABLE_CODE = YES;
				CLANG_WARN__DUPLICATE_METHOD_MATCH = YES;
				"CODE_SIGN_IDENTITY[sdk=iphoneos*]" = "iPhone Developer";
				COPY_PHASE_STRIP = NO;
				DEBUG_INFORMATION_FORMAT = "dwarf-with-dsym";
				ENABLE_NS_ASSERTIONS = NO;
				ENABLE_STRICT_OBJC_MSGSEND = YES;
				GCC_C_LANGUAGE_STANDARD = gnu99;
				GCC_NO_COMMON_BLOCKS = YES;
				GCC_WARN_64_TO_32_BIT_CONVERSION = YES;
				GCC_WARN_ABOUT_RETURN_TYPE = YES_ERROR;
				GCC_WARN_UNDECLARED_SELECTOR = YES;
				GCC_WARN_UNINITIALIZED_AUTOS = YES_AGGRESSIVE;
				GCC_WARN_UNUSED_FUNCTION = YES;
				GCC_WARN_UNUSED_VARIABLE = YES;
				IPHONEOS_DEPLOYMENT_TARGET = 9.2;
				MTL_ENABLE_DEBUG_INFO = NO;
				ONLY_ACTIVE_ARCH = NO;
				SDKROOT = iphoneos;
				VALIDATE_PRODUCT = YES;
			};
			name = Release;
		};
		CE6A07C01C4828B80023C1F3 /* Debug */ = {
			isa = XCBuildConfiguration;
			baseConfigurationReference = F44440EC8DCA7B76375343C8 /* Pods-Behind Walls.debug.xcconfig */;
			buildSettings = {
				ASSETCATALOG_COMPILER_APPICON_NAME = AppIcon;
				CODE_SIGN_IDENTITY = "iPhone Developer";
				"CODE_SIGN_IDENTITY[sdk=iphoneos*]" = "iPhone Developer";
				ENABLE_BITCODE = NO;
				FRAMEWORK_SEARCH_PATHS = (
					"$(inherited)",
					"$(PROJECT_DIR)/Safe",
					"$(PROJECT_DIR)",
					"$(PROJECT_DIR)/Safe/ExternalFrameworks",
				);
				GCC_INCREASE_PRECOMPILED_HEADER_SHARING = YES;
				GCC_PRECOMPILE_PREFIX_HEADER = YES;
				GCC_PREFIX_HEADER = "$(PROJECT_DIR)/Safe/PrefixHeader.pch";
				INFOPLIST_FILE = Safe/Info.plist;
				LD_RUNPATH_SEARCH_PATHS = "$(inherited) @executable_path/Frameworks";
				ONLY_ACTIVE_ARCH = NO;
				OTHER_LDFLAGS = (
					"$(inherited)",
					"-ObjC",
				);
				PRODUCT_BUNDLE_IDENTIFIER = com.too.behindwall;
				PRODUCT_NAME = "Behind Walls";
				PROVISIONING_PROFILE = "";
			};
			name = Debug;
		};
		CE6A07C11C4828B80023C1F3 /* Release */ = {
			isa = XCBuildConfiguration;
			baseConfigurationReference = 609DC822C1BB25B9ACA1DC2B /* Pods-Behind Walls.release.xcconfig */;
			buildSettings = {
				ASSETCATALOG_COMPILER_APPICON_NAME = AppIcon;
				CODE_SIGN_IDENTITY = "iPhone Developer";
				"CODE_SIGN_IDENTITY[sdk=iphoneos*]" = "iPhone Developer";
				ENABLE_BITCODE = NO;
				FRAMEWORK_SEARCH_PATHS = (
					"$(inherited)",
					"$(PROJECT_DIR)/Safe",
					"$(PROJECT_DIR)",
					"$(PROJECT_DIR)/Safe/ExternalFrameworks",
				);
				GCC_INCREASE_PRECOMPILED_HEADER_SHARING = YES;
				GCC_PRECOMPILE_PREFIX_HEADER = YES;
				GCC_PREFIX_HEADER = "$(PROJECT_DIR)/Safe/PrefixHeader.pch";
				INFOPLIST_FILE = Safe/Info.plist;
				LD_RUNPATH_SEARCH_PATHS = "$(inherited) @executable_path/Frameworks";
				OTHER_LDFLAGS = (
					"$(inherited)",
					"-ObjC",
				);
				PRODUCT_BUNDLE_IDENTIFIER = com.too.behindwall;
				PRODUCT_NAME = "Behind Walls";
				PROVISIONING_PROFILE = "";
			};
			name = Release;
		};
		EA7CEB9E1D1C176300B16A3C /* Debug */ = {
			isa = XCBuildConfiguration;
			buildSettings = {
				CLANG_ANALYZER_NONNULL = YES;
				INFOPLIST_FILE = BehindWallsUITests/Info.plist;
				IPHONEOS_DEPLOYMENT_TARGET = 9.3;
				LD_RUNPATH_SEARCH_PATHS = "$(inherited) @executable_path/Frameworks @loader_path/Frameworks";
				ONLY_ACTIVE_ARCH = YES;
				PRODUCT_BUNDLE_IDENTIFIER = com.too.BehindWallsUITests;
				PRODUCT_NAME = "$(TARGET_NAME)";
				TEST_TARGET_NAME = "Behind Walls";
			};
			name = Debug;
		};
		EA7CEB9F1D1C176300B16A3C /* Release */ = {
			isa = XCBuildConfiguration;
			buildSettings = {
				CLANG_ANALYZER_NONNULL = YES;
				INFOPLIST_FILE = BehindWallsUITests/Info.plist;
				IPHONEOS_DEPLOYMENT_TARGET = 9.3;
				LD_RUNPATH_SEARCH_PATHS = "$(inherited) @executable_path/Frameworks @loader_path/Frameworks";
				PRODUCT_BUNDLE_IDENTIFIER = com.too.BehindWallsUITests;
				PRODUCT_NAME = "$(TARGET_NAME)";
				TEST_TARGET_NAME = "Behind Walls";
			};
			name = Release;
		};
/* End XCBuildConfiguration section */

/* Begin XCConfigurationList section */
		CE1154E51D1A724B00EF921F /* Build configuration list for PBXNativeTarget "BehindWallsTests" */ = {
			isa = XCConfigurationList;
			buildConfigurations = (
				CE1154E61D1A724B00EF921F /* Debug */,
				CE1154E71D1A724B00EF921F /* Release */,
			);
			defaultConfigurationIsVisible = 0;
			defaultConfigurationName = Release;
		};
		CE6A078D1C4828B70023C1F3 /* Build configuration list for PBXProject "BehindWalls" */ = {
			isa = XCConfigurationList;
			buildConfigurations = (
				CE6A07BD1C4828B70023C1F3 /* Debug */,
				CE6A07BE1C4828B70023C1F3 /* Release */,
			);
			defaultConfigurationIsVisible = 0;
			defaultConfigurationName = Release;
		};
		CE6A07BF1C4828B80023C1F3 /* Build configuration list for PBXNativeTarget "Behind Walls" */ = {
			isa = XCConfigurationList;
			buildConfigurations = (
				CE6A07C01C4828B80023C1F3 /* Debug */,
				CE6A07C11C4828B80023C1F3 /* Release */,
			);
			defaultConfigurationIsVisible = 0;
			defaultConfigurationName = Release;
		};
		EA7CEB9D1D1C176300B16A3C /* Build configuration list for PBXNativeTarget "BehindWallsUITests" */ = {
			isa = XCConfigurationList;
			buildConfigurations = (
				EA7CEB9E1D1C176300B16A3C /* Debug */,
				EA7CEB9F1D1C176300B16A3C /* Release */,
			);
			defaultConfigurationIsVisible = 0;
			defaultConfigurationName = Release;
		};
/* End XCConfigurationList section */
	};
	rootObject = CE6A078A1C4828B70023C1F3 /* Project object */;
}
